// !$*UTF8*$!
{
	archiveVersion = 1;
	classes = {
	};
	objectVersion = 46;
	objects = {

/* Begin PBXBuildFile section */
		84614B7C8C4AD11657773C95 /* Pods_ExamQ.framework in Frameworks */ = {isa = PBXBuildFile; fileRef = 6D902C76C9322E11ADDD7859 /* Pods_ExamQ.framework */; };
		9F8A34471CD337540080E52E /* AppDelegate.swift in Sources */ = {isa = PBXBuildFile; fileRef = 9F8A34461CD337540080E52E /* AppDelegate.swift */; };
		9F8A344C1CD337540080E52E /* Main.storyboard in Resources */ = {isa = PBXBuildFile; fileRef = 9F8A344A1CD337540080E52E /* Main.storyboard */; };
		9F8A344E1CD337540080E52E /* Assets.xcassets in Resources */ = {isa = PBXBuildFile; fileRef = 9F8A344D1CD337540080E52E /* Assets.xcassets */; };
		9F8A34511CD337540080E52E /* LaunchScreen.storyboard in Resources */ = {isa = PBXBuildFile; fileRef = 9F8A344F1CD337540080E52E /* LaunchScreen.storyboard */; };
		9F8A34591CD341100080E52E /* FireFire.swift in Sources */ = {isa = PBXBuildFile; fileRef = 9F8A34581CD341100080E52E /* FireFire.swift */; };
		9F8A345B1CD342FD0080E52E /* FirstTableVC.swift in Sources */ = {isa = PBXBuildFile; fileRef = 9F8A345A1CD342FD0080E52E /* FirstTableVC.swift */; };
		9F8A345D1CD350800080E52E /* firstTableViewCell.swift in Sources */ = {isa = PBXBuildFile; fileRef = 9F8A345C1CD350800080E52E /* firstTableViewCell.swift */; };
		9F8A345F1CD359350080E52E /* DetailViewC.swift in Sources */ = {isa = PBXBuildFile; fileRef = 9F8A345E1CD359350080E52E /* DetailViewC.swift */; };
/* End PBXBuildFile section */

/* Begin PBXFileReference section */
		5E3DC5AB7474063DE34366B7 /* Pods-ExamQ.debug.xcconfig */ = {isa = PBXFileReference; includeInIndex = 1; lastKnownFileType = text.xcconfig; name = "Pods-ExamQ.debug.xcconfig"; path = "Pods/Target Support Files/Pods-ExamQ/Pods-ExamQ.debug.xcconfig"; sourceTree = "<group>"; };
		6D902C76C9322E11ADDD7859 /* Pods_ExamQ.framework */ = {isa = PBXFileReference; explicitFileType = wrapper.framework; includeInIndex = 0; path = Pods_ExamQ.framework; sourceTree = BUILT_PRODUCTS_DIR; };
		9F8A34431CD337540080E52E /* ExamQ.app */ = {isa = PBXFileReference; explicitFileType = wrapper.application; includeInIndex = 0; path = ExamQ.app; sourceTree = BUILT_PRODUCTS_DIR; };
		9F8A34461CD337540080E52E /* AppDelegate.swift */ = {isa = PBXFileReference; lastKnownFileType = sourcecode.swift; path = AppDelegate.swift; sourceTree = "<group>"; };
		9F8A344B1CD337540080E52E /* Base */ = {isa = PBXFileReference; lastKnownFileType = file.storyboard; name = Base; path = Base.lproj/Main.storyboard; sourceTree = "<group>"; };
		9F8A344D1CD337540080E52E /* Assets.xcassets */ = {isa = PBXFileReference; lastKnownFileType = folder.assetcatalog; path = Assets.xcassets; sourceTree = "<group>"; };
		9F8A34501CD337540080E52E /* Base */ = {isa = PBXFileReference; lastKnownFileType = file.storyboard; name = Base; path = Base.lproj/LaunchScreen.storyboard; sourceTree = "<group>"; };
		9F8A34521CD337540080E52E /* Info.plist */ = {isa = PBXFileReference; lastKnownFileType = text.plist.xml; path = Info.plist; sourceTree = "<group>"; };
		9F8A34581CD341100080E52E /* FireFire.swift */ = {isa = PBXFileReference; fileEncoding = 4; lastKnownFileType = sourcecode.swift; path = FireFire.swift; sourceTree = "<group>"; };
		9F8A345A1CD342FD0080E52E /* FirstTableVC.swift */ = {isa = PBXFileReference; fileEncoding = 4; lastKnownFileType = sourcecode.swift; path = FirstTableVC.swift; sourceTree = "<group>"; };
		9F8A345C1CD350800080E52E /* firstTableViewCell.swift */ = {isa = PBXFileReference; fileEncoding = 4; lastKnownFileType = sourcecode.swift; path = firstTableViewCell.swift; sourceTree = "<group>"; };
		9F8A345E1CD359350080E52E /* DetailViewC.swift */ = {isa = PBXFileReference; fileEncoding = 4; lastKnownFileType = sourcecode.swift; path = DetailViewC.swift; sourceTree = "<group>"; };
		F16C41C08FF157D4CBFD8D41 /* Pods-ExamQ.release.xcconfig */ = {isa = PBXFileReference; includeInIndex = 1; lastKnownFileType = text.xcconfig; name = "Pods-ExamQ.release.xcconfig"; path = "Pods/Target Support Files/Pods-ExamQ/Pods-ExamQ.release.xcconfig"; sourceTree = "<group>"; };
/* End PBXFileReference section */

/* Begin PBXFrameworksBuildPhase section */
		9F8A34401CD337540080E52E /* Frameworks */ = {
			isa = PBXFrameworksBuildPhase;
			buildActionMask = 2147483647;
			files = (
				84614B7C8C4AD11657773C95 /* Pods_ExamQ.framework in Frameworks */,
			);
			runOnlyForDeploymentPostprocessing = 0;
		};
/* End PBXFrameworksBuildPhase section */

/* Begin PBXGroup section */
		03C4ED4BEADBD81799FE9F55 /* Frameworks */ = {
			isa = PBXGroup;
			children = (
				6D902C76C9322E11ADDD7859 /* Pods_ExamQ.framework */,
			);
			name = Frameworks;
			sourceTree = "<group>";
		};
		8C6173DB03E712139D3E9FFD /* Pods */ = {
			isa = PBXGroup;
			children = (
				5E3DC5AB7474063DE34366B7 /* Pods-ExamQ.debug.xcconfig */,
				F16C41C08FF157D4CBFD8D41 /* Pods-ExamQ.release.xcconfig */,
			);
			name = Pods;
			sourceTree = "<group>";
		};
		9F8A343A1CD337540080E52E = {
			isa = PBXGroup;
			children = (
				9F8A34451CD337540080E52E /* ExamQ */,
				9F8A34441CD337540080E52E /* Products */,
				8C6173DB03E712139D3E9FFD /* Pods */,
				03C4ED4BEADBD81799FE9F55 /* Frameworks */,
			);
			sourceTree = "<group>";
		};
		9F8A34441CD337540080E52E /* Products */ = {
			isa = PBXGroup;
			children = (
				9F8A34431CD337540080E52E /* ExamQ.app */,
			);
			name = Products;
			sourceTree = "<group>";
		};
		9F8A34451CD337540080E52E /* ExamQ */ = {
			isa = PBXGroup;
			children = (
				9F8A34461CD337540080E52E /* AppDelegate.swift */,
				9F8A34581CD341100080E52E /* FireFire.swift */,
				9F8A345E1CD359350080E52E /* DetailViewC.swift */,
				9F8A345A1CD342FD0080E52E /* FirstTableVC.swift */,
				9F8A344A1CD337540080E52E /* Main.storyboard */,
				9F8A345C1CD350800080E52E /* firstTableViewCell.swift */,
				9F8A344D1CD337540080E52E /* Assets.xcassets */,
				9F8A344F1CD337540080E52E /* LaunchScreen.storyboard */,
				9F8A34521CD337540080E52E /* Info.plist */,
			);
			path = ExamQ;
			sourceTree = "<group>";
		};
/* End PBXGroup section */

/* Begin PBXNativeTarget section */
		9F8A34421CD337540080E52E /* ExamQ */ = {
			isa = PBXNativeTarget;
			buildConfigurationList = 9F8A34551CD337540080E52E /* Build configuration list for PBXNativeTarget "ExamQ" */;
			buildPhases = (
				98F9407B87CA18C89E504B5C /* Check Pods Manifest.lock */,
				9F8A343F1CD337540080E52E /* Sources */,
				9F8A34401CD337540080E52E /* Frameworks */,
				9F8A34411CD337540080E52E /* Resources */,
				FE9D60C428833EF51F31E47C /* Embed Pods Frameworks */,
				284B279000382813D355C3F5 /* Copy Pods Resources */,
			);
			buildRules = (
			);
			dependencies = (
			);
			name = ExamQ;
			productName = ExamQ;
			productReference = 9F8A34431CD337540080E52E /* ExamQ.app */;
			productType = "com.apple.product-type.application";
		};
/* End PBXNativeTarget section */

/* Begin PBXProject section */
		9F8A343B1CD337540080E52E /* Project object */ = {
			isa = PBXProject;
			attributes = {
				LastSwiftUpdateCheck = 0730;
				LastUpgradeCheck = 0730;
				ORGANIZATIONNAME = Ted.Company;
				TargetAttributes = {
					9F8A34421CD337540080E52E = {
						CreatedOnToolsVersion = 7.3;
					};
				};
			};
			buildConfigurationList = 9F8A343E1CD337540080E52E /* Build configuration list for PBXProject "ExamQ" */;
			compatibilityVersion = "Xcode 3.2";
			developmentRegion = English;
			hasScannedForEncodings = 0;
			knownRegions = (
				en,
				Base,
			);
			mainGroup = 9F8A343A1CD337540080E52E;
			productRefGroup = 9F8A34441CD337540080E52E /* Products */;
			projectDirPath = "";
			projectRoot = "";
			targets = (
				9F8A34421CD337540080E52E /* ExamQ */,
			);
		};
/* End PBXProject section */

/* Begin PBXResourcesBuildPhase section */
		9F8A34411CD337540080E52E /* Resources */ = {
			isa = PBXResourcesBuildPhase;
			buildActionMask = 2147483647;
			files = (
				9F8A34511CD337540080E52E /* LaunchScreen.storyboard in Resources */,
				9F8A344E1CD337540080E52E /* Assets.xcassets in Resources */,
				9F8A344C1CD337540080E52E /* Main.storyboard in Resources */,
			);
			runOnlyForDeploymentPostprocessing = 0;
		};
/* End PBXResourcesBuildPhase section */

/* Begin PBXShellScriptBuildPhase section */
		284B279000382813D355C3F5 /* Copy Pods Resources */ = {
			isa = PBXShellScriptBuildPhase;
			buildActionMask = 2147483647;
			files = (
			);
			inputPaths = (
			);
			name = "Copy Pods Resources";
			outputPaths = (
			);
			runOnlyForDeploymentPostprocessing = 0;
			shellPath = /bin/sh;
			shellScript = "\"${SRCROOT}/Pods/Target Support Files/Pods-ExamQ/Pods-ExamQ-resources.sh\"\n";
			showEnvVarsInLog = 0;
		};
		98F9407B87CA18C89E504B5C /* Check Pods Manifest.lock */ = {
			isa = PBXShellScriptBuildPhase;
			buildActionMask = 2147483647;
			files = (
			);
			inputPaths = (
			);
			name = "Check Pods Manifest.lock";
			outputPaths = (
			);
			runOnlyForDeploymentPostprocessing = 0;
			shellPath = /bin/sh;
			shellScript = "diff \"${PODS_ROOT}/../Podfile.lock\" \"${PODS_ROOT}/Manifest.lock\" > /dev/null\nif [[ $? != 0 ]] ; then\n    cat << EOM\nerror: The sandbox is not in sync with the Podfile.lock. Run 'pod install' or update your CocoaPods installation.\nEOM\n    exit 1\nfi\n";
			showEnvVarsInLog = 0;
		};
		FE9D60C428833EF51F31E47C /* Embed Pods Frameworks */ = {
			isa = PBXShellScriptBuildPhase;
			buildActionMask = 2147483647;
			files = (
			);
			inputPaths = (
			);
			name = "Embed Pods Frameworks";
			outputPaths = (
			);
			runOnlyForDeploymentPostprocessing = 0;
			shellPath = /bin/sh;
			shellScript = "\"${SRCROOT}/Pods/Target Support Files/Pods-ExamQ/Pods-ExamQ-frameworks.sh\"\n";
			showEnvVarsInLog = 0;
		};
/* End PBXShellScriptBuildPhase section */

/* Begin PBXSourcesBuildPhase section */
		9F8A343F1CD337540080E52E /* Sources */ = {
			isa = PBXSourcesBuildPhase;
			buildActionMask = 2147483647;
			files = (
				9F8A34471CD337540080E52E /* AppDelegate.swift in Sources */,
				9F8A345B1CD342FD0080E52E /* FirstTableVC.swift in Sources */,
				9F8A345D1CD350800080E52E /* firstTableViewCell.swift in Sources */,
				9F8A345F1CD359350080E52E /* DetailViewC.swift in Sources */,
				9F8A34591CD341100080E52E /* FireFire.swift in Sources */,
			);
			runOnlyForDeploymentPostprocessing = 0;
		};
/* End PBXSourcesBuildPhase section */

/* Begin PBXVariantGroup section */
		9F8A344A1CD337540080E52E /* Main.storyboard */ = {
			isa = PBXVariantGroup;
			children = (
				9F8A344B1CD337540080E52E /* Base */,
			);
			name = Main.storyboard;
			sourceTree = "<group>";
		};
		9F8A344F1CD337540080E52E /* LaunchScreen.storyboard */ = {
			isa = PBXVariantGroup;
			children = (
				9F8A34501CD337540080E52E /* Base */,
			);
			name = LaunchScreen.storyboard;
			sourceTree = "<group>";
		};
/* End PBXVariantGroup section */

/* Begin XCBuildConfiguration section */
		9F8A34531CD337540080E52E /* Debug */ = {
			isa = XCBuildConfiguration;
			buildSettings = {
				ALWAYS_SEARCH_USER_PATHS = NO;
				CLANG_ANALYZER_NONNULL = YES;
				CLANG_CXX_LANGUAGE_STANDARD = "gnu++0x";
				CLANG_CXX_LIBRARY = "libc++";
				CLANG_ENABLE_MODULES = YES;
				CLANG_ENABLE_OBJC_ARC = YES;
				CLANG_WARN_BOOL_CONVERSION = YES;
				CLANG_WARN_CONSTANT_CONVERSION = YES;
				CLANG_WARN_DIRECT_OBJC_ISA_USAGE = YES_ERROR;
				CLANG_WARN_EMPTY_BODY = YES;
				CLANG_WARN_ENUM_CONVERSION = YES;
				CLANG_WARN_INT_CONVERSION = YES;
				CLANG_WARN_OBJC_ROOT_CLASS = YES_ERROR;
				CLANG_WARN_UNREACHABLE_CODE = YES;
				CLANG_WARN__DUPLICATE_METHOD_MATCH = YES;
				"CODE_SIGN_IDENTITY[sdk=iphoneos*]" = "iPhone Developer";
				COPY_PHASE_STRIP = NO;
				DEBUG_INFORMATION_FORMAT = dwarf;
				ENABLE_STRICT_OBJC_MSGSEND = YES;
				ENABLE_TESTABILITY = YES;
				GCC_C_LANGUAGE_STANDARD = gnu99;
				GCC_DYNAMIC_NO_PIC = NO;
				GCC_NO_COMMON_BLOCKS = YES;
				GCC_OPTIMIZATION_LEVEL = 0;
				GCC_PREPROCESSOR_DEFINITIONS = (
					"DEBUG=1",
					"$(inherited)",
				);
				GCC_WARN_64_TO_32_BIT_CONVERSION = YES;
				GCC_WARN_ABOUT_RETURN_TYPE = YES_ERROR;
				GCC_WARN_UNDECLARED_SELECTOR = YES;
				GCC_WARN_UNINITIALIZED_AUTOS = YES_AGGRESSIVE;
				GCC_WARN_UNUSED_FUNCTION = YES;
				GCC_WARN_UNUSED_VARIABLE = YES;
				IPHONEOS_DEPLOYMENT_TARGET = 9.3;
				MTL_ENABLE_DEBUG_INFO = YES;
				ONLY_ACTIVE_ARCH = YES;
				SDKROOT = iphoneos;
				SWIFT_OPTIMIZATION_LEVEL = "-Onone";
			};
			name = Debug;
		};
		9F8A34541CD337540080E52E /* Release */ = {
			isa = XCBuildConfiguration;
			buildSettings = {
				ALWAYS_SEARCH_USER_PATHS = NO;
				CLANG_ANALYZER_NONNULL = YES;
				CLANG_CXX_LANGUAGE_STANDARD = "gnu++0x";
				CLANG_CXX_LIBRARY = "libc++";
				CLANG_ENABLE_MODULES = YES;
				CLANG_ENABLE_OBJC_ARC = YES;
				CLANG_WARN_BOOL_CONVERSION = YES;
				CLANG_WARN_CONSTANT_CONVERSION = YES;
				CLANG_WARN_DIRECT_OBJC_ISA_USAGE = YES_ERROR;
				CLANG_WARN_EMPTY_BODY = YES;
				CLANG_WARN_ENUM_CONVERSION = YES;
				CLANG_WARN_INT_CONVERSION = YES;
				CLANG_WARN_OBJC_ROOT_CLASS = YES_ERROR;
				CLANG_WARN_UNREACHABLE_CODE = YES;
				CLANG_WARN__DUPLICATE_METHOD_MATCH = YES;
				"CODE_SIGN_IDENTITY[sdk=iphoneos*]" = "iPhone Developer";
				COPY_PHASE_STRIP = NO;
				DEBUG_INFORMATION_FORMAT = "dwarf-with-dsym";
				ENABLE_NS_ASSERTIONS = NO;
				ENABLE_STRICT_OBJC_MSGSEND = YES;
				GCC_C_LANGUAGE_STANDARD = gnu99;
				GCC_NO_COMMON_BLOCKS = YES;
				GCC_WARN_64_TO_32_BIT_CONVERSION = YES;
				GCC_WARN_ABOUT_RETURN_TYPE = YES_ERROR;
				GCC_WARN_UNDECLARED_SELECTOR = YES;
				GCC_WARN_UNINITIALIZED_AUTOS = YES_AGGRESSIVE;
				GCC_WARN_UNUSED_FUNCTION = YES;
				GCC_WARN_UNUSED_VARIABLE = YES;
				IPHONEOS_DEPLOYMENT_TARGET = 9.3;
				MTL_ENABLE_DEBUG_INFO = NO;
				SDKROOT = iphoneos;
				VALIDATE_PRODUCT = YES;
			};
			name = Release;
		};
		9F8A34561CD337540080E52E /* Debug */ = {
			isa = XCBuildConfiguration;
			baseConfigurationReference = 5E3DC5AB7474063DE34366B7 /* Pods-ExamQ.debug.xcconfig */;
			buildSettings = {
				ASSETCATALOG_COMPILER_APPICON_NAME = AppIcon;
				INFOPLIST_FILE = ExamQ/Info.plist;
				LD_RUNPATH_SEARCH_PATHS = "$(inherited) @executable_path/Frameworks";
				PRODUCT_BUNDLE_IDENTIFIER = com.ted.company.ExamQ;
				PRODUCT_NAME = "$(TARGET_NAME)";
			};
			name = Debug;
		};
		9F8A34571CD337540080E52E /* Release */ = {
			isa = XCBuildConfiguration;
			baseConfigurationReference = F16C41C08FF157D4CBFD8D41 /* Pods-ExamQ.release.xcconfig */;
			buildSettings = {
				ASSETCATALOG_COMPILER_APPICON_NAME = AppIcon;
				INFOPLIST_FILE = ExamQ/Info.plist;
				LD_RUNPATH_SEARCH_PATHS = "$(inherited) @executable_path/Frameworks";
				PRODUCT_BUNDLE_IDENTIFIER = com.ted.company.ExamQ;
				PRODUCT_NAME = "$(TARGET_NAME)";
			};
			name = Release;
		};
/* End XCBuildConfiguration section */

/* Begin XCConfigurationList section */
		9F8A343E1CD337540080E52E /* Build configuration list for PBXProject "ExamQ" */ = {
			isa = XCConfigurationList;
			buildConfigurations = (
				9F8A34531CD337540080E52E /* Debug */,
				9F8A34541CD337540080E52E /* Release */,
			);
			defaultConfigurationIsVisible = 0;
			defaultConfigurationName = Release;
		};
		9F8A34551CD337540080E52E /* Build configuration list for PBXNativeTarget "ExamQ" */ = {
			isa = XCConfigurationList;
			buildConfigurations = (
				9F8A34561CD337540080E52E /* Debug */,
				9F8A34571CD337540080E52E /* Release */,
			);
			defaultConfigurationIsVisible = 0;
			defaultConfigurationName = Release;
		};
/* End XCConfigurationList section */
	};
	rootObject = 9F8A343B1CD337540080E52E /* Project object */;
}
